{
  "requires": true,
  "lockfileVersion": 1,
  "dependencies": {
    "ionic-angular": {
      "version": "3.9.10",
      "resolved": "https://registry.npmjs.org/ionic-angular/-/ionic-angular-3.9.10.tgz",
      "integrity": "sha512-4nmGrdpu4Zy3SZwF0AaS/3gDrbFGU1dV+zn1eqInFgFj9q20N1cIITgvyIcoxUI/IoqYiohsJX1rGY5vB/HrhQ=="
    },
    "ionic2-calendar": {
      "version": "0.6.6",
      "resolved": "https://registry.npmjs.org/ionic2-calendar/-/ionic2-calendar-0.6.6.tgz",
      "integrity": "sha512-ytlaVoz8Olq4k04Vaf/xuhDeoWEbdeCB/9kqTMnZgWfTkA+M87X72V4pyDtKEm1G+nDwxSboBRlYLDj9wtXdIA=="
    },
    "rxjs": {
      "version": "6.6.3",
      "resolved": "https://registry.npmjs.org/rxjs/-/rxjs-6.6.3.tgz",
      "integrity": "sha512-trsQc+xYYXZ3urjOiJOuCOa5N3jAZ3eiSpQB5hIT8zGlL2QfnHLJ2r7GMkBGuIausdJN1OneaI6gQlsqNHHmZQ==",
      "requires": {
        "tslib": "^1.9.0"
      }
    },
    "rxjs-compat": {
      "version": "6.6.3",
      "resolved": "https://registry.npmjs.org/rxjs-compat/-/rxjs-compat-6.6.3.tgz",
      "integrity": "sha512-y+wUqq7bS2dG+7rH2fNMoxsDiJ32RQzFxZQE/JdtpnmEZmwLQrb1tCiItyHxdXJHXjmHnnzFscn3b6PEmORGKw=="
    },
    "tslib": {
      "version": "1.14.1",
      "resolved": "https://registry.npmjs.org/tslib/-/tslib-1.14.1.tgz",
      "integrity": "sha512-Xni35NKzjgMrwevysHTCArtLDpPvye8zV/0E4EyYn43P7/7qvQwPh9BGkHewbMulVntbigmcT7rdX3BNo9wRJg=="
    }
  }
}
